
Microsoft Visual Studio Solution File, Format Version 12.00
# Visual Studio Version 16
VisualStudioVersion = 16.0.31702.278
MinimumVisualStudioVersion = 10.0.40219.1
Project("{9A19103F-16F7-4668-BE54-9A1E7A4F7556}") = "Task1", "Task1\Task1.csproj", "{AD74CB3B-D100-4FE1-8C1C-B42056A75106}"
EndProject
Project("{9A19103F-16F7-4668-BE54-9A1E7A4F7556}") = "Task2", "Task2\Task2.csproj", "{B150CB57-8AA2-41BC-8E7B-75B88E5CA583}"
EndProject
Project("{FAE04EC0-301F-11D3-BF4B-00C04F79EFBC}") = "Task3", "Task3\Task3.csproj", "{2087FE0B-E742-4D97-A32F-C51893887FBC}"
EndProject
Global
	GlobalSection(SolutionConfigurationPlatforms) = preSolution
		Debug|Any CPU = Debug|Any CPU
		Release|Any CPU = Release|Any CPU
	EndGlobalSection
	GlobalSection(ProjectConfigurationPlatforms) = postSolution
		{AD74CB3B-D100-4FE1-8C1C-B42056A75106}.Debug|Any CPU.ActiveCfg = Debug|Any CPU
		{AD74CB3B-D100-4FE1-8C1C-B42056A75106}.Debug|Any CPU.Build.0 = Debug|Any CPU
		{AD74CB3B-D100-4FE1-8C1C-B42056A75106}.Release|Any CPU.ActiveCfg = Release|Any CPU
		{AD74CB3B-D100-4FE1-8C1C-B42056A75106}.Release|Any CPU.Build.0 = Release|Any CPU
		{B150CB57-8AA2-41BC-8E7B-75B88E5CA583}.Debug|Any CPU.ActiveCfg = Debug|Any CPU
		{B150CB57-8AA2-41BC-8E7B-75B88E5CA583}.Debug|Any CPU.Build.0 = Debug|Any CPU
		{B150CB57-8AA2-41BC-8E7B-75B88E5CA583}.Release|Any CPU.ActiveCfg = Release|Any CPU
		{B150CB57-8AA2-41BC-8E7B-75B88E5CA583}.Release|Any CPU.Build.0 = Release|Any CPU
		{2087FE0B-E742-4D97-A32F-C51893887FBC}.Debug|Any CPU.ActiveCfg = Debug|Any CPU
		{2087FE0B-E742-4D97-A32F-C51893887FBC}.Debug|Any CPU.Build.0 = Debug|Any CPU
		{2087FE0B-E742-4D97-A32F-C51893887FBC}.Release|Any CPU.ActiveCfg = Release|Any CPU
		{2087FE0B-E742-4D97-A32F-C51893887FBC}.Release|Any CPU.Build.0 = Release|Any CPU
	EndGlobalSection
	GlobalSection(SolutionProperties) = preSolution
		HideSolutionNode = FALSE
	EndGlobalSection
	GlobalSection(ExtensibilityGlobals) = postSolution
		SolutionGuid = {9263C0F8-B2FA-4C1A-944B-4CC24F06F43F}
	EndGlobalSection
EndGlobal
